<?xml version="1.0" encoding="utf-8"?>
<Project ToolsVersion="4.0" xmlns="http://schemas.microsoft.com/developer/msbuild/2003">
  <ItemGroup>
    <Filter Include="源文件">
      <UniqueIdentifier>{4FC737F1-C7A5-4376-A066-2A32D752A2FF}</UniqueIdentifier>
      <Extensions>cpp;c;cc;cxx;def;odl;idl;hpj;bat;asm;asmx</Extensions>
    </Filter>
    <Filter Include="头文件">
      <UniqueIdentifier>{93995380-89BD-4b04-88EB-625FBE52EBFB}</UniqueIdentifier>
      <Extensions>h;hh;hpp;hxx;hm;inl;inc;xsd</Extensions>
    </Filter>
    <Filter Include="资源文件">
      <UniqueIdentifier>{67DA6AB6-F800-4c08-8B7A-83BB121AAD01}</UniqueIdentifier>
      <Extensions>rc;ico;cur;bmp;dlg;rc2;rct;bin;rgs;gif;jpg;jpeg;jpe;resx;tiff;tif;png;wav;mfcribbon-ms</Extensions>
    </Filter>
    <Filter Include="U++">
      <UniqueIdentifier>{8ccc56ed-ca1f-499c-b1de-d94cb4c5a154}</UniqueIdentifier>
    </Filter>
    <Filter Include="U++\UPP_Debug_x64">
      <UniqueIdentifier>{435650f5-f18e-423a-99b8-536bcf36be2c}</UniqueIdentifier>
    </Filter>
    <Filter Include="U++\UPP_Release_x64">
      <UniqueIdentifier>{0d764868-281b-4db9-a675-a0ff8d6ec397}</UniqueIdentifier>
    </Filter>
  </ItemGroup>
  <ItemGroup>
    <ClCompile Include="Audio_Device_DS.cpp">
      <Filter>源文件</Filter>
    </ClCompile>
    <ClCompile Include="dllmain.cpp">
      <Filter>源文件</Filter>
    </ClCompile>
    <ClCompile Include="Device_DS.cpp">
      <Filter>源文件</Filter>
    </ClCompile>
    <ClCompile Include="U++\Debug_x64\uentry.upp">
      <Filter>U++\UPP_Debug_x64</Filter>
    </ClCompile>
    <ClCompile Include="U++\Debug_x64\uassembly.upp">
      <Filter>U++\UPP_Debug_x64</Filter>
    </ClCompile>
    <ClCompile Include="U++\Debug_x64\Device_DS.upp">
      <Filter>U++\UPP_Debug_x64</Filter>
    </ClCompile>
    <ClCompile Include="DS.cpp">
      <Filter>源文件</Filter>
    </ClCompile>
    <ClCompile Include="U++\Release_x64\uentry.upp">
      <Filter>U++\UPP_Release_x64</Filter>
    </ClCompile>
    <ClCompile Include="U++\Release_x64\uassembly.upp">
      <Filter>U++\UPP_Release_x64</Filter>
    </ClCompile>
    <ClCompile Include="U++\Release_x64\Device_DS.upp">
      <Filter>U++\UPP_Release_x64</Filter>
    </ClCompile>
  </ItemGroup>
  <ItemGroup>
    <ClInclude Include="Config.h">
      <Filter>头文件</Filter>
    </ClInclude>
    <ClInclude Include="Device_DS.h">
      <Filter>头文件</Filter>
    </ClInclude>
    <ClInclude Include="U++\Debug_x64\uentry.uh">
      <Filter>U++\UPP_Debug_x64</Filter>
    </ClInclude>
    <ClInclude Include="U++\Debug_x64\uassembly.uh">
      <Filter>U++\UPP_Debug_x64</Filter>
    </ClInclude>
    <ClInclude Include="DS.h">
      <Filter>头文件</Filter>
    </ClInclude>
    <ClInclude Include="U++\Release_x64\uentry.uh">
      <Filter>U++\UPP_Release_x64</Filter>
    </ClInclude>
    <ClInclude Include="U++\Release_x64\uassembly.uh">
      <Filter>U++\UPP_Release_x64</Filter>
    </ClInclude>
  </ItemGroup>
</Project>